
Microsoft Visual Studio Solution File, Format Version 12.00
# Visual Studio Version 16
VisualStudioVersion = 16.0.29613.14
MinimumVisualStudioVersion = 10.0.40219.1
Project("{F184B08F-C81C-45F6-A57F-5ABD9991F28F}") = "FritzBoxDial", "FBoxDial\FBoxDial\FritzBoxDial.vbproj", "{009E1182-2568-44D7-8A4E-391162DA861D}"
EndProject
Global
	GlobalSection(SolutionConfigurationPlatforms) = preSolution
		Debug|Any CPU = Debug|Any CPU
		Release|Any CPU = Release|Any CPU
	EndGlobalSection
	GlobalSection(ProjectConfigurationPlatforms) = postSolution
		{009E1182-2568-44D7-8A4E-391162DA861D}.Debug|Any CPU.ActiveCfg = Debug|Any CPU
		{009E1182-2568-44D7-8A4E-391162DA861D}.Debug|Any CPU.Build.0 = Debug|Any CPU
		{009E1182-2568-44D7-8A4E-391162DA861D}.Release|Any CPU.ActiveCfg = Release|Any CPU
		{009E1182-2568-44D7-8A4E-391162DA861D}.Release|Any CPU.Build.0 = Release|Any CPU
	EndGlobalSection
	GlobalSection(SolutionProperties) = preSolution
		HideSolutionNode = FALSE
	EndGlobalSection
	GlobalSection(ExtensibilityGlobals) = postSolution
		SolutionGuid = {7AA8846E-6F14-4C7F-8E6D-0398DF916635}
	EndGlobalSection
EndGlobal
