
Microsoft Visual Studio Solution File, Format Version 11.00
# Visual Studio 2010
Project("{F184B08F-C81C-45F6-A57F-5ABD9991F28F}") = "FritzBoxDial", "FritzBoxDial\2007\FritzBoxDial.vbproj", "{748001E6-CF34-48DE-81BD-5C13B2D560C1}"
EndProject
Project("{F184B08F-C81C-45F6-A57F-5ABD9991F28F}") = "Funktionen", "Funktionen\Funktionen.vbproj", "{CCF5AE9E-C12E-4467-9334-504CD7902B78}"
EndProject
Project("{F184B08F-C81C-45F6-A57F-5ABD9991F28F}") = "PopupFenster", "PopUpFenster\PopupFenster.vbproj", "{D4AE935C-96A6-49E6-8FF1-CBAF9EB50822}"
EndProject
Global
	GlobalSection(SolutionConfigurationPlatforms) = preSolution
		Debug_4|Any CPU = Debug_4|Any CPU
		Debug|Any CPU = Debug|Any CPU
		Release|Any CPU = Release|Any CPU
	EndGlobalSection
	GlobalSection(ProjectConfigurationPlatforms) = postSolution
		{748001E6-CF34-48DE-81BD-5C13B2D560C1}.Debug_4|Any CPU.ActiveCfg = Debug|Any CPU
		{748001E6-CF34-48DE-81BD-5C13B2D560C1}.Debug_4|Any CPU.Build.0 = Debug|Any CPU
		{748001E6-CF34-48DE-81BD-5C13B2D560C1}.Debug|Any CPU.ActiveCfg = Debug|Any CPU
		{748001E6-CF34-48DE-81BD-5C13B2D560C1}.Debug|Any CPU.Build.0 = Debug|Any CPU
		{748001E6-CF34-48DE-81BD-5C13B2D560C1}.Release|Any CPU.ActiveCfg = Release|Any CPU
		{748001E6-CF34-48DE-81BD-5C13B2D560C1}.Release|Any CPU.Build.0 = Release|Any CPU
		{CCF5AE9E-C12E-4467-9334-504CD7902B78}.Debug_4|Any CPU.ActiveCfg = Debug|Any CPU
		{CCF5AE9E-C12E-4467-9334-504CD7902B78}.Debug_4|Any CPU.Build.0 = Debug|Any CPU
		{CCF5AE9E-C12E-4467-9334-504CD7902B78}.Debug|Any CPU.ActiveCfg = Debug|Any CPU
		{CCF5AE9E-C12E-4467-9334-504CD7902B78}.Debug|Any CPU.Build.0 = Debug|Any CPU
		{CCF5AE9E-C12E-4467-9334-504CD7902B78}.Release|Any CPU.ActiveCfg = Release|Any CPU
		{CCF5AE9E-C12E-4467-9334-504CD7902B78}.Release|Any CPU.Build.0 = Release|Any CPU
		{D4AE935C-96A6-49E6-8FF1-CBAF9EB50822}.Debug_4|Any CPU.ActiveCfg = Debug_4|Any CPU
		{D4AE935C-96A6-49E6-8FF1-CBAF9EB50822}.Debug_4|Any CPU.Build.0 = Debug_4|Any CPU
		{D4AE935C-96A6-49E6-8FF1-CBAF9EB50822}.Debug|Any CPU.ActiveCfg = Debug|Any CPU
		{D4AE935C-96A6-49E6-8FF1-CBAF9EB50822}.Debug|Any CPU.Build.0 = Debug|Any CPU
		{D4AE935C-96A6-49E6-8FF1-CBAF9EB50822}.Release|Any CPU.ActiveCfg = Release|Any CPU
		{D4AE935C-96A6-49E6-8FF1-CBAF9EB50822}.Release|Any CPU.Build.0 = Release|Any CPU
	EndGlobalSection
	GlobalSection(SolutionProperties) = preSolution
		HideSolutionNode = FALSE
	EndGlobalSection
EndGlobal
